
Microsoft Visual Studio Solution File, Format Version 12.00
# Visual Studio Version 17
VisualStudioVersion = 17.9.34723.18
MinimumVisualStudioVersion = 10.0.40219.1
Project("{FAE04EC0-301F-11D3-BF4B-00C04F79EFBC}") = "MVC_Attendance", "MVC_Attendance\MVC_Attendance.csproj", "{DF4EF558-95AF-46D1-BD9B-9FF0F1B3F7D2}"
EndProject
Global
	GlobalSection(SolutionConfigurationPlatforms) = preSolution
		Debug|Any CPU = Debug|Any CPU
		Release|Any CPU = Release|Any CPU
	EndGlobalSection
	GlobalSection(ProjectConfigurationPlatforms) = postSolution
		{DF4EF558-95AF-46D1-BD9B-9FF0F1B3F7D2}.Debug|Any CPU.ActiveCfg = Debug|Any CPU
		{DF4EF558-95AF-46D1-BD9B-9FF0F1B3F7D2}.Debug|Any CPU.Build.0 = Debug|Any CPU
		{DF4EF558-95AF-46D1-BD9B-9FF0F1B3F7D2}.Release|Any CPU.ActiveCfg = Release|Any CPU
		{DF4EF558-95AF-46D1-BD9B-9FF0F1B3F7D2}.Release|Any CPU.Build.0 = Release|Any CPU
	EndGlobalSection
	GlobalSection(SolutionProperties) = preSolution
		HideSolutionNode = FALSE
	EndGlobalSection
	GlobalSection(ExtensibilityGlobals) = postSolution
		SolutionGuid = {9A618166-B6B3-44DF-A7EE-8BEE958DBBDA}
	EndGlobalSection
EndGlobal
